
Microsoft Visual Studio Solution File, Format Version 12.00
# Visual Studio 15
VisualStudioVersion = 15.0.27703.2042
MinimumVisualStudioVersion = 10.0.40219.1
Project("{FAE04EC0-301F-11D3-BF4B-00C04F79EFBC}") = "ConwaysGameOfLife", "ConwaysGameOfLife\ConwaysGameOfLife.csproj", "{DCC4A192-BF4B-436B-B2F2-A7046C5C3111}"
EndProject
Global
	GlobalSection(SolutionConfigurationPlatforms) = preSolution
		Debug|Any CPU = Debug|Any CPU
		Release|Any CPU = Release|Any CPU
	EndGlobalSection
	GlobalSection(ProjectConfigurationPlatforms) = postSolution
		{DCC4A192-BF4B-436B-B2F2-A7046C5C3111}.Debug|Any CPU.ActiveCfg = Debug|Any CPU
		{DCC4A192-BF4B-436B-B2F2-A7046C5C3111}.Debug|Any CPU.Build.0 = Debug|Any CPU
		{DCC4A192-BF4B-436B-B2F2-A7046C5C3111}.Release|Any CPU.ActiveCfg = Release|Any CPU
		{DCC4A192-BF4B-436B-B2F2-A7046C5C3111}.Release|Any CPU.Build.0 = Release|Any CPU
	EndGlobalSection
	GlobalSection(SolutionProperties) = preSolution
		HideSolutionNode = FALSE
	EndGlobalSection
	GlobalSection(ExtensibilityGlobals) = postSolution
		SolutionGuid = {7ED6054F-2E06-4472-8A8C-665CE60CB4A8}
	EndGlobalSection
EndGlobal
